
Microsoft Visual Studio Solution File, Format Version 12.00
# Visual Studio Version 17
VisualStudioVersion = 17.9.34723.18
MinimumVisualStudioVersion = 10.0.40219.1
Project("{FAE04EC0-301F-11D3-BF4B-00C04F79EFBC}") = "LedighetsPortal", "LedighetsPortal.csproj", "{D16C301E-91CD-49F2-8720-C576572150D4}"
EndProject
Global
	GlobalSection(SolutionConfigurationPlatforms) = preSolution
		Debug|Any CPU = Debug|Any CPU
		Release|Any CPU = Release|Any CPU
	EndGlobalSection
	GlobalSection(ProjectConfigurationPlatforms) = postSolution
		{D16C301E-91CD-49F2-8720-C576572150D4}.Debug|Any CPU.ActiveCfg = Debug|Any CPU
		{D16C301E-91CD-49F2-8720-C576572150D4}.Debug|Any CPU.Build.0 = Debug|Any CPU
		{D16C301E-91CD-49F2-8720-C576572150D4}.Release|Any CPU.ActiveCfg = Release|Any CPU
		{D16C301E-91CD-49F2-8720-C576572150D4}.Release|Any CPU.Build.0 = Release|Any CPU
	EndGlobalSection
	GlobalSection(SolutionProperties) = preSolution
		HideSolutionNode = FALSE
	EndGlobalSection
	GlobalSection(ExtensibilityGlobals) = postSolution
		SolutionGuid = {AF632FE2-2FC3-4685-A680-262B1B23C706}
	EndGlobalSection
EndGlobal
